
Microsoft Visual Studio Solution File, Format Version 12.00
# Visual Studio Version 16
VisualStudioVersion = 16.0.29123.88
MinimumVisualStudioVersion = 10.0.40219.1
Project("{FAE04EC0-301F-11D3-BF4B-00C04F79EFBC}") = "JobTrackerUI", "JobTracker\JobTrackerUI.csproj", "{9BADEBD2-0999-4C27-8767-28EDFECA539E}"
EndProject
Project("{9A19103F-16F7-4668-BE54-9A1E7A4F7556}") = "JobTrackerLibrary.Tests", "JobTracker.Tests\JobTrackerLibrary.Tests.csproj", "{09030553-31B0-486A-8D7C-1687DC401A56}"
EndProject
Project("{FAE04EC0-301F-11D3-BF4B-00C04F79EFBC}") = "JobTrackerLibrary", "JobTrackerLibrary\JobTrackerLibrary.csproj", "{68D0AD07-1732-45D6-B453-F91582B122D9}"
EndProject
Global
	GlobalSection(SolutionConfigurationPlatforms) = preSolution
		Debug|Any CPU = Debug|Any CPU
		Release|Any CPU = Release|Any CPU
	EndGlobalSection
	GlobalSection(ProjectConfigurationPlatforms) = postSolution
		{9BADEBD2-0999-4C27-8767-28EDFECA539E}.Debug|Any CPU.ActiveCfg = Debug|Any CPU
		{9BADEBD2-0999-4C27-8767-28EDFECA539E}.Debug|Any CPU.Build.0 = Debug|Any CPU
		{9BADEBD2-0999-4C27-8767-28EDFECA539E}.Release|Any CPU.ActiveCfg = Release|Any CPU
		{9BADEBD2-0999-4C27-8767-28EDFECA539E}.Release|Any CPU.Build.0 = Release|Any CPU
		{09030553-31B0-486A-8D7C-1687DC401A56}.Debug|Any CPU.ActiveCfg = Debug|Any CPU
		{09030553-31B0-486A-8D7C-1687DC401A56}.Debug|Any CPU.Build.0 = Debug|Any CPU
		{09030553-31B0-486A-8D7C-1687DC401A56}.Release|Any CPU.ActiveCfg = Release|Any CPU
		{09030553-31B0-486A-8D7C-1687DC401A56}.Release|Any CPU.Build.0 = Release|Any CPU
		{68D0AD07-1732-45D6-B453-F91582B122D9}.Debug|Any CPU.ActiveCfg = Debug|Any CPU
		{68D0AD07-1732-45D6-B453-F91582B122D9}.Debug|Any CPU.Build.0 = Debug|Any CPU
		{68D0AD07-1732-45D6-B453-F91582B122D9}.Release|Any CPU.ActiveCfg = Release|Any CPU
		{68D0AD07-1732-45D6-B453-F91582B122D9}.Release|Any CPU.Build.0 = Release|Any CPU
	EndGlobalSection
	GlobalSection(SolutionProperties) = preSolution
		HideSolutionNode = FALSE
	EndGlobalSection
	GlobalSection(ExtensibilityGlobals) = postSolution
		SolutionGuid = {94EFC0AC-EC43-402F-9EBE-114953E14C6B}
	EndGlobalSection
EndGlobal
